github.com/seccomp/libseccomp-golang v0.11.1 h1:wuk4ZjSx6kyQII4rj6G6fvVzRHQaSiPvccJazDagu4g=
github.com/seccomp/libseccomp-golang v0.11.1/go.mod h1:5m1Lk8E9OwgZTTVz4bBOer7JuazaBa+xTkM895tDiWc=
golang.org/x/sys v0.43.0 h1:Rlag2XtaFTxp19wS8MXlJwTvoh8ArU6ezoyFsMyCTNI=
golang.org/x/sys v0.43.0/go.mod h1:4GL1E5IUh+htKOUEOaiffhrAeqysfVGipDYzABqnCmw=
